// !$*UTF8*$!
{
	archiveVersion = 1;
	classes = {
	};
	objectVersion = 46;
	objects = {

/* Begin PBXBuildFile section */
		1894E8431BE4FF2F00FCF89B /* SplashViewController.m in Sources */ = {isa = PBXBuildFile; fileRef = 1894E8421BE4FF2F00FCF89B /* SplashViewController.m */; };
		18F5B3B21BE503F00046EDA8 /* DarkArmy.mov in Resources */ = {isa = PBXBuildFile; fileRef = 18F5B3B11BE503F00046EDA8 /* DarkArmy.mov */; };
		59A2F50F1BE45AC9008E026E /* SearchTableViewCell.m in Sources */ = {isa = PBXBuildFile; fileRef = 59A2F50E1BE45AC9008E026E /* SearchTableViewCell.m */; };
		59A2F5491BE4B327008E026E /* Fabric.framework in Frameworks */ = {isa = PBXBuildFile; fileRef = 59A2F5451BE4B327008E026E /* Fabric.framework */; };
		59A2F54A1BE4B327008E026E /* TwitterKit.framework in Frameworks */ = {isa = PBXBuildFile; fileRef = 59A2F5461BE4B327008E026E /* TwitterKit.framework */; };
		59A2F54B1BE4B327008E026E /* TwitterKitResources.bundle in Resources */ = {isa = PBXBuildFile; fileRef = 59A2F5471BE4B327008E026E /* TwitterKitResources.bundle */; };
		59A2F54C1BE4B327008E026E /* TwitterCore.framework in Frameworks */ = {isa = PBXBuildFile; fileRef = 59A2F5481BE4B327008E026E /* TwitterCore.framework */; };
		59A2F54F1BE4B3E6008E026E /* TwitterViewController.m in Sources */ = {isa = PBXBuildFile; fileRef = 59A2F54E1BE4B3E6008E026E /* TwitterViewController.m */; };
		59A2F55A1BE4B671008E026E /* SVIndefiniteAnimatedView.m in Sources */ = {isa = PBXBuildFile; fileRef = 59A2F5531BE4B671008E026E /* SVIndefiniteAnimatedView.m */; };
		59A2F55B1BE4B671008E026E /* SVProgressHUD.bundle in Resources */ = {isa = PBXBuildFile; fileRef = 59A2F5551BE4B671008E026E /* SVProgressHUD.bundle */; };
		59A2F55C1BE4B671008E026E /* SVProgressHUD.m in Sources */ = {isa = PBXBuildFile; fileRef = 59A2F5571BE4B671008E026E /* SVProgressHUD.m */; };
		59A2F55D1BE4B671008E026E /* SVRadialGradientLayer.m in Sources */ = {isa = PBXBuildFile; fileRef = 59A2F5591BE4B671008E026E /* SVRadialGradientLayer.m */; };
		59A2F59A1BE521AF008E026E /* CurvedTextField.m in Sources */ = {isa = PBXBuildFile; fileRef = 59A2F5991BE521AF008E026E /* CurvedTextField.m */; settings = {ASSET_TAGS = (); }; };
		59A2F59E1BE52512008E026E /* MusicHeaderView.m in Sources */ = {isa = PBXBuildFile; fileRef = 59A2F59C1BE52512008E026E /* MusicHeaderView.m */; settings = {ASSET_TAGS = (); }; };
		59A2F59F1BE52512008E026E /* MusicHeaderView.xib in Resources */ = {isa = PBXBuildFile; fileRef = 59A2F59D1BE52512008E026E /* MusicHeaderView.xib */; settings = {ASSET_TAGS = (); }; };
		59A2F5A51BE52579008E026E /* gradient.png in Resources */ = {isa = PBXBuildFile; fileRef = 59A2F5A21BE52578008E026E /* gradient.png */; settings = {ASSET_TAGS = (); }; };
		59A2F5A61BE52579008E026E /* RSPlayPauseButton.m in Sources */ = {isa = PBXBuildFile; fileRef = 59A2F5A41BE52578008E026E /* RSPlayPauseButton.m */; settings = {ASSET_TAGS = (); }; };
		59A2F5A91BE5324A008E026E /* SenderBGView.m in Sources */ = {isa = PBXBuildFile; fileRef = 59A2F5A81BE5324A008E026E /* SenderBGView.m */; settings = {ASSET_TAGS = (); }; };
		A30047591BE27D9D00EE0A85 /* SearchViewController.m in Sources */ = {isa = PBXBuildFile; fileRef = A30047581BE27D9D00EE0A85 /* SearchViewController.m */; };
		A300475D1BE286D600EE0A85 /* RdioTrack.m in Sources */ = {isa = PBXBuildFile; fileRef = A300475C1BE286D600EE0A85 /* RdioTrack.m */; };
		A33311D01BE3C3B200EA4A98 /* AFHTTPRequestOperation.m in Sources */ = {isa = PBXBuildFile; fileRef = A33311BA1BE3C3B200EA4A98 /* AFHTTPRequestOperation.m */; };
		A33311D11BE3C3B200EA4A98 /* AFHTTPRequestOperationManager.m in Sources */ = {isa = PBXBuildFile; fileRef = A33311BC1BE3C3B200EA4A98 /* AFHTTPRequestOperationManager.m */; };
		A33311D21BE3C3B200EA4A98 /* AFHTTPRequestSerializer+OAuth2.m in Sources */ = {isa = PBXBuildFile; fileRef = A33311BE1BE3C3B200EA4A98 /* AFHTTPRequestSerializer+OAuth2.m */; };
		A33311D31BE3C3B200EA4A98 /* AFHTTPSessionManager.m in Sources */ = {isa = PBXBuildFile; fileRef = A33311C01BE3C3B200EA4A98 /* AFHTTPSessionManager.m */; };
		A33311D41BE3C3B200EA4A98 /* AFNetworkReachabilityManager.m in Sources */ = {isa = PBXBuildFile; fileRef = A33311C31BE3C3B200EA4A98 /* AFNetworkReachabilityManager.m */; };
		A33311D51BE3C3B200EA4A98 /* AFOAuth2Manager.m in Sources */ = {isa = PBXBuildFile; fileRef = A33311C51BE3C3B200EA4A98 /* AFOAuth2Manager.m */; };
		A33311D61BE3C3B200EA4A98 /* AFSecurityPolicy.m in Sources */ = {isa = PBXBuildFile; fileRef = A33311C71BE3C3B200EA4A98 /* AFSecurityPolicy.m */; };
		A33311D71BE3C3B200EA4A98 /* AFURLConnectionOperation.m in Sources */ = {isa = PBXBuildFile; fileRef = A33311C91BE3C3B200EA4A98 /* AFURLConnectionOperation.m */; };
		A33311D81BE3C3B200EA4A98 /* AFURLRequestSerialization.m in Sources */ = {isa = PBXBuildFile; fileRef = A33311CB1BE3C3B200EA4A98 /* AFURLRequestSerialization.m */; };
		A33311D91BE3C3B200EA4A98 /* AFURLResponseSerialization.m in Sources */ = {isa = PBXBuildFile; fileRef = A33311CD1BE3C3B200EA4A98 /* AFURLResponseSerialization.m */; };
		A33311DA1BE3C3B200EA4A98 /* AFURLSessionManager.m in Sources */ = {isa = PBXBuildFile; fileRef = A33311CF1BE3C3B200EA4A98 /* AFURLSessionManager.m */; };
		A376648D1BE3A9B70044C962 /* MKAnnotationView+WebCache.m in Sources */ = {isa = PBXBuildFile; fileRef = A376646D1BE3A9B70044C962 /* MKAnnotationView+WebCache.m */; };
		A376648E1BE3A9B70044C962 /* NSData+ImageContentType.m in Sources */ = {isa = PBXBuildFile; fileRef = A376646F1BE3A9B70044C962 /* NSData+ImageContentType.m */; };
		A376648F1BE3A9B70044C962 /* SDImageCache.m in Sources */ = {isa = PBXBuildFile; fileRef = A37664711BE3A9B70044C962 /* SDImageCache.m */; };
		A37664901BE3A9B70044C962 /* SDWebImageCompat.m in Sources */ = {isa = PBXBuildFile; fileRef = A37664731BE3A9B70044C962 /* SDWebImageCompat.m */; };
		A37664911BE3A9B70044C962 /* SDWebImageDecoder.m in Sources */ = {isa = PBXBuildFile; fileRef = A37664751BE3A9B70044C962 /* SDWebImageDecoder.m */; };
		A37664921BE3A9B70044C962 /* SDWebImageDownloader.m in Sources */ = {isa = PBXBuildFile; fileRef = A37664771BE3A9B70044C962 /* SDWebImageDownloader.m */; };
		A37664931BE3A9B70044C962 /* SDWebImageDownloaderOperation.m in Sources */ = {isa = PBXBuildFile; fileRef = A37664791BE3A9B70044C962 /* SDWebImageDownloaderOperation.m */; };
		A37664941BE3A9B70044C962 /* SDWebImageManager.m in Sources */ = {isa = PBXBuildFile; fileRef = A376647B1BE3A9B70044C962 /* SDWebImageManager.m */; };
		A37664951BE3A9B70044C962 /* SDWebImagePrefetcher.m in Sources */ = {isa = PBXBuildFile; fileRef = A376647E1BE3A9B70044C962 /* SDWebImagePrefetcher.m */; };
		A37664961BE3A9B70044C962 /* UIButton+WebCache.m in Sources */ = {isa = PBXBuildFile; fileRef = A37664801BE3A9B70044C962 /* UIButton+WebCache.m */; };
		A37664971BE3A9B70044C962 /* UIImage+GIF.m in Sources */ = {isa = PBXBuildFile; fileRef = A37664821BE3A9B70044C962 /* UIImage+GIF.m */; };
		A37664981BE3A9B70044C962 /* UIImage+MultiFormat.m in Sources */ = {isa = PBXBuildFile; fileRef = A37664841BE3A9B70044C962 /* UIImage+MultiFormat.m */; };
		A37664991BE3A9B70044C962 /* UIImage+WebP.m in Sources */ = {isa = PBXBuildFile; fileRef = A37664861BE3A9B70044C962 /* UIImage+WebP.m */; };
		A376649A1BE3A9B70044C962 /* UIImageView+HighlightedWebCache.m in Sources */ = {isa = PBXBuildFile; fileRef = A37664881BE3A9B70044C962 /* UIImageView+HighlightedWebCache.m */; };
		A376649B1BE3A9B70044C962 /* UIImageView+WebCache.m in Sources */ = {isa = PBXBuildFile; fileRef = A376648A1BE3A9B70044C962 /* UIImageView+WebCache.m */; };
		A376649C1BE3A9B70044C962 /* UIView+WebCacheOperation.m in Sources */ = {isa = PBXBuildFile; fileRef = A376648C1BE3A9B70044C962 /* UIView+WebCacheOperation.m */; };
		A3AFBAC01BE4CB8A00BB9009 /* Sinch.framework in Frameworks */ = {isa = PBXBuildFile; fileRef = A3AFBABF1BE4CB8A00BB9009 /* Sinch.framework */; };
		A3AFBAC21BE4CBBB00BB9009 /* AVFoundation.framework in Frameworks */ = {isa = PBXBuildFile; fileRef = A3AFBAC11BE4CBBB00BB9009 /* AVFoundation.framework */; };
		A3AFBAC51BE4CE5A00BB9009 /* Bolts.framework in Frameworks */ = {isa = PBXBuildFile; fileRef = A3AFBAC31BE4CE5A00BB9009 /* Bolts.framework */; };
		A3AFBAC61BE4CE5A00BB9009 /* Parse.framework in Frameworks */ = {isa = PBXBuildFile; fileRef = A3AFBAC41BE4CE5A00BB9009 /* Parse.framework */; };
		A3AFBAC81BE4CE8400BB9009 /* CoreLocation.framework in Frameworks */ = {isa = PBXBuildFile; fileRef = A3AFBAC71BE4CE8400BB9009 /* CoreLocation.framework */; };
		A3AFBACA1BE4CE9100BB9009 /* QuartzCore.framework in Frameworks */ = {isa = PBXBuildFile; fileRef = A3AFBAC91BE4CE9100BB9009 /* QuartzCore.framework */; };
		A3AFBACC1BE4CE9B00BB9009 /* StoreKit.framework in Frameworks */ = {isa = PBXBuildFile; fileRef = A3AFBACB1BE4CE9B00BB9009 /* StoreKit.framework */; };
		A3AFBACE1BE4CED200BB9009 /* libz.tbd in Frameworks */ = {isa = PBXBuildFile; fileRef = A3AFBACD1BE4CED200BB9009 /* libz.tbd */; };
		A3AFBAD01BE4CEDD00BB9009 /* libsqlite3.tbd in Frameworks */ = {isa = PBXBuildFile; fileRef = A3AFBACF1BE4CEDD00BB9009 /* libsqlite3.tbd */; };
		A3AFBAD21BE4CF3600BB9009 /* Accounts.framework in Frameworks */ = {isa = PBXBuildFile; fileRef = A3AFBAD11BE4CF3600BB9009 /* Accounts.framework */; };
		A3AFBAD41BE4CF4800BB9009 /* Social.framework in Frameworks */ = {isa = PBXBuildFile; fileRef = A3AFBAD31BE4CF4800BB9009 /* Social.framework */; };
		A3AFBAD81BE4D2B000BB9009 /* MNCLoginViewController.m in Sources */ = {isa = PBXBuildFile; fileRef = A3AFBAD71BE4D2B000BB9009 /* MNCLoginViewController.m */; };
		A3AFBADB1BE4D4A500BB9009 /* MNCChatMateListViewController.m in Sources */ = {isa = PBXBuildFile; fileRef = A3AFBADA1BE4D4A500BB9009 /* MNCChatMateListViewController.m */; };
		A3AFBADE1BE4E18800BB9009 /* MNCChatMessage.m in Sources */ = {isa = PBXBuildFile; fileRef = A3AFBADD1BE4E18800BB9009 /* MNCChatMessage.m */; };
		A3AFBAE11BE4E66300BB9009 /* MNCChatMessageCell.m in Sources */ = {isa = PBXBuildFile; fileRef = A3AFBAE01BE4E66300BB9009 /* MNCChatMessageCell.m */; };
		A3B426E51BE12BFC00102950 /* main.m in Sources */ = {isa = PBXBuildFile; fileRef = A3B426E41BE12BFC00102950 /* main.m */; };
		A3B426E81BE12BFC00102950 /* AppDelegate.m in Sources */ = {isa = PBXBuildFile; fileRef = A3B426E71BE12BFC00102950 /* AppDelegate.m */; };
		A3B426EB1BE12BFC00102950 /* ViewController.m in Sources */ = {isa = PBXBuildFile; fileRef = A3B426EA1BE12BFC00102950 /* ViewController.m */; };
		A3B426EE1BE12BFC00102950 /* Main.storyboard in Resources */ = {isa = PBXBuildFile; fileRef = A3B426EC1BE12BFC00102950 /* Main.storyboard */; };
		A3B426F01BE12BFC00102950 /* Assets.xcassets in Resources */ = {isa = PBXBuildFile; fileRef = A3B426EF1BE12BFC00102950 /* Assets.xcassets */; };
		A3B426F31BE12BFC00102950 /* LaunchScreen.storyboard in Resources */ = {isa = PBXBuildFile; fileRef = A3B426F11BE12BFC00102950 /* LaunchScreen.storyboard */; };
		A3B426FE1BE12BFC00102950 /* DUCEPROTests.m in Sources */ = {isa = PBXBuildFile; fileRef = A3B426FD1BE12BFC00102950 /* DUCEPROTests.m */; };
		A3B427091BE12BFC00102950 /* DUCEPROUITests.m in Sources */ = {isa = PBXBuildFile; fileRef = A3B427081BE12BFC00102950 /* DUCEPROUITests.m */; };
		A3B427181BE131C600102950 /* AudioToolbox.framework in Frameworks */ = {isa = PBXBuildFile; fileRef = A3B427171BE131C600102950 /* AudioToolbox.framework */; };
		A3B4271A1BE131CF00102950 /* CFNetwork.framework in Frameworks */ = {isa = PBXBuildFile; fileRef = A3B427191BE131CF00102950 /* CFNetwork.framework */; };
		A3B4271C1BE131D400102950 /* CoreGraphics.framework in Frameworks */ = {isa = PBXBuildFile; fileRef = A3B4271B1BE131D400102950 /* CoreGraphics.framework */; };
		A3B4271E1BE131DB00102950 /* CoreMedia.framework in Frameworks */ = {isa = PBXBuildFile; fileRef = A3B4271D1BE131DB00102950 /* CoreMedia.framework */; };
		A3B427201BE131E100102950 /* Security.framework in Frameworks */ = {isa = PBXBuildFile; fileRef = A3B4271F1BE131E100102950 /* Security.framework */; };
		A3B427221BE131E900102950 /* SystemConfiguration.framework in Frameworks */ = {isa = PBXBuildFile; fileRef = A3B427211BE131E900102950 /* SystemConfiguration.framework */; };
		A3B4274E1BE133A800102950 /* Rdio.framework in Frameworks */ = {isa = PBXBuildFile; fileRef = A3B4274D1BE133A800102950 /* Rdio.framework */; };
		A3EE4FE11BE2915B000AC203 /* tux_duce.png in Resources */ = {isa = PBXBuildFile; fileRef = A3EE4FE01BE2915B000AC203 /* tux_duce.png */; };
		A3EE4FE41BE2948D000AC203 /* MusicChatViewController.m in Sources */ = {isa = PBXBuildFile; fileRef = A3EE4FE31BE2948D000AC203 /* MusicChatViewController.m */; };
/* End PBXBuildFile section */

/* Begin PBXContainerItemProxy section */
		A3B426FA1BE12BFC00102950 /* PBXContainerItemProxy */ = {
			isa = PBXContainerItemProxy;
			containerPortal = A3B426D81BE12BFC00102950 /* Project object */;
			proxyType = 1;
			remoteGlobalIDString = A3B426DF1BE12BFC00102950;
			remoteInfo = DUCEPRO;
		};
		A3B427051BE12BFC00102950 /* PBXContainerItemProxy */ = {
			isa = PBXContainerItemProxy;
			containerPortal = A3B426D81BE12BFC00102950 /* Project object */;
			proxyType = 1;
			remoteGlobalIDString = A3B426DF1BE12BFC00102950;
			remoteInfo = DUCEPRO;
		};
/* End PBXContainerItemProxy section */

/* Begin PBXFileReference section */
		1894E8411BE4FF2F00FCF89B /* SplashViewController.h */ = {isa = PBXFileReference; fileEncoding = 4; lastKnownFileType = sourcecode.c.h; path = SplashViewController.h; sourceTree = "<group>"; };
		1894E8421BE4FF2F00FCF89B /* SplashViewController.m */ = {isa = PBXFileReference; fileEncoding = 4; lastKnownFileType = sourcecode.c.objc; path = SplashViewController.m; sourceTree = "<group>"; };
		18F5B3B11BE503F00046EDA8 /* DarkArmy.mov */ = {isa = PBXFileReference; lastKnownFileType = video.quicktime; path = DarkArmy.mov; sourceTree = "<group>"; };
		59A2F50D1BE45AC9008E026E /* SearchTableViewCell.h */ = {isa = PBXFileReference; fileEncoding = 4; lastKnownFileType = sourcecode.c.h; path = SearchTableViewCell.h; sourceTree = "<group>"; };
		59A2F50E1BE45AC9008E026E /* SearchTableViewCell.m */ = {isa = PBXFileReference; fileEncoding = 4; lastKnownFileType = sourcecode.c.objc; path = SearchTableViewCell.m; sourceTree = "<group>"; };
		59A2F5451BE4B327008E026E /* Fabric.framework */ = {isa = PBXFileReference; lastKnownFileType = wrapper.framework; path = Fabric.framework; sourceTree = "<group>"; };
		59A2F5461BE4B327008E026E /* TwitterKit.framework */ = {isa = PBXFileReference; lastKnownFileType = wrapper.framework; path = TwitterKit.framework; sourceTree = "<group>"; };
		59A2F5471BE4B327008E026E /* TwitterKitResources.bundle */ = {isa = PBXFileReference; lastKnownFileType = "wrapper.plug-in"; name = TwitterKitResources.bundle; path = TwitterKit.framework/Versions/A/Resources/TwitterKitResources.bundle; sourceTree = "<group>"; };
		59A2F5481BE4B327008E026E /* TwitterCore.framework */ = {isa = PBXFileReference; lastKnownFileType = wrapper.framework; path = TwitterCore.framework; sourceTree = "<group>"; };
		59A2F54D1BE4B3E6008E026E /* TwitterViewController.h */ = {isa = PBXFileReference; fileEncoding = 4; lastKnownFileType = sourcecode.c.h; path = TwitterViewController.h; sourceTree = "<group>"; };
		59A2F54E1BE4B3E6008E026E /* TwitterViewController.m */ = {isa = PBXFileReference; fileEncoding = 4; lastKnownFileType = sourcecode.c.objc; path = TwitterViewController.m; sourceTree = "<group>"; };
		59A2F5521BE4B671008E026E /* SVIndefiniteAnimatedView.h */ = {isa = PBXFileReference; fileEncoding = 4; lastKnownFileType = sourcecode.c.h; path = SVIndefiniteAnimatedView.h; sourceTree = "<group>"; };
		59A2F5531BE4B671008E026E /* SVIndefiniteAnimatedView.m */ = {isa = PBXFileReference; fileEncoding = 4; lastKnownFileType = sourcecode.c.objc; path = SVIndefiniteAnimatedView.m; sourceTree = "<group>"; };
		59A2F5541BE4B671008E026E /* SVProgressHUD-Prefix.pch */ = {isa = PBXFileReference; fileEncoding = 4; lastKnownFileType = sourcecode.c.h; path = "SVProgressHUD-Prefix.pch"; sourceTree = "<group>"; };
		59A2F5551BE4B671008E026E /* SVProgressHUD.bundle */ = {isa = PBXFileReference; lastKnownFileType = "wrapper.plug-in"; path = SVProgressHUD.bundle; sourceTree = "<group>"; };
		59A2F5561BE4B671008E026E /* SVProgressHUD.h */ = {isa = PBXFileReference; fileEncoding = 4; lastKnownFileType = sourcecode.c.h; path = SVProgressHUD.h; sourceTree = "<group>"; };
		59A2F5571BE4B671008E026E /* SVProgressHUD.m */ = {isa = PBXFileReference; fileEncoding = 4; lastKnownFileType = sourcecode.c.objc; path = SVProgressHUD.m; sourceTree = "<group>"; };
		59A2F5581BE4B671008E026E /* SVRadialGradientLayer.h */ = {isa = PBXFileReference; fileEncoding = 4; lastKnownFileType = sourcecode.c.h; path = SVRadialGradientLayer.h; sourceTree = "<group>"; };
		59A2F5591BE4B671008E026E /* SVRadialGradientLayer.m */ = {isa = PBXFileReference; fileEncoding = 4; lastKnownFileType = sourcecode.c.objc; path = SVRadialGradientLayer.m; sourceTree = "<group>"; };
		59A2F5981BE521AF008E026E /* CurvedTextField.h */ = {isa = PBXFileReference; fileEncoding = 4; lastKnownFileType = sourcecode.c.h; path = CurvedTextField.h; sourceTree = "<group>"; };
		59A2F5991BE521AF008E026E /* CurvedTextField.m */ = {isa = PBXFileReference; fileEncoding = 4; lastKnownFileType = sourcecode.c.objc; path = CurvedTextField.m; sourceTree = "<group>"; };
		59A2F59B1BE52512008E026E /* MusicHeaderView.h */ = {isa = PBXFileReference; fileEncoding = 4; lastKnownFileType = sourcecode.c.h; path = MusicHeaderView.h; sourceTree = "<group>"; };
		59A2F59C1BE52512008E026E /* MusicHeaderView.m */ = {isa = PBXFileReference; fileEncoding = 4; lastKnownFileType = sourcecode.c.objc; path = MusicHeaderView.m; sourceTree = "<group>"; };
		59A2F59D1BE52512008E026E /* MusicHeaderView.xib */ = {isa = PBXFileReference; fileEncoding = 4; lastKnownFileType = file.xib; path = MusicHeaderView.xib; sourceTree = "<group>"; };
		59A2F5A21BE52578008E026E /* gradient.png */ = {isa = PBXFileReference; lastKnownFileType = image.png; path = gradient.png; sourceTree = "<group>"; };
		59A2F5A31BE52578008E026E /* RSPlayPauseButton.h */ = {isa = PBXFileReference; fileEncoding = 4; lastKnownFileType = sourcecode.c.h; path = RSPlayPauseButton.h; sourceTree = "<group>"; };
		59A2F5A41BE52578008E026E /* RSPlayPauseButton.m */ = {isa = PBXFileReference; fileEncoding = 4; lastKnownFileType = sourcecode.c.objc; path = RSPlayPauseButton.m; sourceTree = "<group>"; };
		59A2F5A71BE5324A008E026E /* SenderBGView.h */ = {isa = PBXFileReference; fileEncoding = 4; lastKnownFileType = sourcecode.c.h; path = SenderBGView.h; sourceTree = "<group>"; };
		59A2F5A81BE5324A008E026E /* SenderBGView.m */ = {isa = PBXFileReference; fileEncoding = 4; lastKnownFileType = sourcecode.c.objc; path = SenderBGView.m; sourceTree = "<group>"; };
		A30047571BE27D9D00EE0A85 /* SearchViewController.h */ = {isa = PBXFileReference; fileEncoding = 4; lastKnownFileType = sourcecode.c.h; path = SearchViewController.h; sourceTree = "<group>"; };
		A30047581BE27D9D00EE0A85 /* SearchViewController.m */ = {isa = PBXFileReference; fileEncoding = 4; lastKnownFileType = sourcecode.c.objc; path = SearchViewController.m; sourceTree = "<group>"; };
		A300475B1BE286D600EE0A85 /* RdioTrack.h */ = {isa = PBXFileReference; fileEncoding = 4; lastKnownFileType = sourcecode.c.h; path = RdioTrack.h; sourceTree = "<group>"; };
		A300475C1BE286D600EE0A85 /* RdioTrack.m */ = {isa = PBXFileReference; fileEncoding = 4; lastKnownFileType = sourcecode.c.objc; path = RdioTrack.m; sourceTree = "<group>"; };
		A33311B91BE3C3B200EA4A98 /* AFHTTPRequestOperation.h */ = {isa = PBXFileReference; fileEncoding = 4; lastKnownFileType = sourcecode.c.h; name = AFHTTPRequestOperation.h; path = AFNetworkingAuth/AFHTTPRequestOperation.h; sourceTree = "<group>"; };
		A33311BA1BE3C3B200EA4A98 /* AFHTTPRequestOperation.m */ = {isa = PBXFileReference; fileEncoding = 4; lastKnownFileType = sourcecode.c.objc; name = AFHTTPRequestOperation.m; path = AFNetworkingAuth/AFHTTPRequestOperation.m; sourceTree = "<group>"; };
		A33311BB1BE3C3B200EA4A98 /* AFHTTPRequestOperationManager.h */ = {isa = PBXFileReference; fileEncoding = 4; lastKnownFileType = sourcecode.c.h; name = AFHTTPRequestOperationManager.h; path = AFNetworkingAuth/AFHTTPRequestOperationManager.h; sourceTree = "<group>"; };
		A33311BC1BE3C3B200EA4A98 /* AFHTTPRequestOperationManager.m */ = {isa = PBXFileReference; fileEncoding = 4; lastKnownFileType = sourcecode.c.objc; name = AFHTTPRequestOperationManager.m; path = AFNetworkingAuth/AFHTTPRequestOperationManager.m; sourceTree = "<group>"; };
		A33311BD1BE3C3B200EA4A98 /* AFHTTPRequestSerializer+OAuth2.h */ = {isa = PBXFileReference; fileEncoding = 4; lastKnownFileType = sourcecode.c.h; name = "AFHTTPRequestSerializer+OAuth2.h"; path = "AFNetworkingAuth/AFHTTPRequestSerializer+OAuth2.h"; sourceTree = "<group>"; };
		A33311BE1BE3C3B200EA4A98 /* AFHTTPRequestSerializer+OAuth2.m */ = {isa = PBXFileReference; fileEncoding = 4; lastKnownFileType = sourcecode.c.objc; name = "AFHTTPRequestSerializer+OAuth2.m"; path = "AFNetworkingAuth/AFHTTPRequestSerializer+OAuth2.m"; sourceTree = "<group>"; };
		A33311BF1BE3C3B200EA4A98 /* AFHTTPSessionManager.h */ = {isa = PBXFileReference; fileEncoding = 4; lastKnownFileType = sourcecode.c.h; name = AFHTTPSessionManager.h; path = AFNetworkingAuth/AFHTTPSessionManager.h; sourceTree = "<group>"; };
		A33311C01BE3C3B200EA4A98 /* AFHTTPSessionManager.m */ = {isa = PBXFileReference; fileEncoding = 4; lastKnownFileType = sourcecode.c.objc; name = AFHTTPSessionManager.m; path = AFNetworkingAuth/AFHTTPSessionManager.m; sourceTree = "<group>"; };
		A33311C11BE3C3B200EA4A98 /* AFNetworking.h */ = {isa = PBXFileReference; fileEncoding = 4; lastKnownFileType = sourcecode.c.h; name = AFNetworking.h; path = AFNetworkingAuth/AFNetworking.h; sourceTree = "<group>"; };
		A33311C21BE3C3B200EA4A98 /* AFNetworkReachabilityManager.h */ = {isa = PBXFileReference; fileEncoding = 4; lastKnownFileType = sourcecode.c.h; name = AFNetworkReachabilityManager.h; path = AFNetworkingAuth/AFNetworkReachabilityManager.h; sourceTree = "<group>"; };
		A33311C31BE3C3B200EA4A98 /* AFNetworkReachabilityManager.m */ = {isa = PBXFileReference; fileEncoding = 4; lastKnownFileType = sourcecode.c.objc; name = AFNetworkReachabilityManager.m; path = AFNetworkingAuth/AFNetworkReachabilityManager.m; sourceTree = "<group>"; };
		A33311C41BE3C3B200EA4A98 /* AFOAuth2Manager.h */ = {isa = PBXFileReference; fileEncoding = 4; lastKnownFileType = sourcecode.c.h; name = AFOAuth2Manager.h; path = AFNetworkingAuth/AFOAuth2Manager.h; sourceTree = "<group>"; };
		A33311C51BE3C3B200EA4A98 /* AFOAuth2Manager.m */ = {isa = PBXFileReference; fileEncoding = 4; lastKnownFileType = sourcecode.c.objc; name = AFOAuth2Manager.m; path = AFNetworkingAuth/AFOAuth2Manager.m; sourceTree = "<group>"; };
		A33311C61BE3C3B200EA4A98 /* AFSecurityPolicy.h */ = {isa = PBXFileReference; fileEncoding = 4; lastKnownFileType = sourcecode.c.h; name = AFSecurityPolicy.h; path = AFNetworkingAuth/AFSecurityPolicy.h; sourceTree = "<group>"; };
		A33311C71BE3C3B200EA4A98 /* AFSecurityPolicy.m */ = {isa = PBXFileReference; fileEncoding = 4; lastKnownFileType = sourcecode.c.objc; name = AFSecurityPolicy.m; path = AFNetworkingAuth/AFSecurityPolicy.m; sourceTree = "<group>"; };
		A33311C81BE3C3B200EA4A98 /* AFURLConnectionOperation.h */ = {isa = PBXFileReference; fileEncoding = 4; lastKnownFileType = sourcecode.c.h; name = AFURLConnectionOperation.h; path = AFNetworkingAuth/AFURLConnectionOperation.h; sourceTree = "<group>"; };
		A33311C91BE3C3B200EA4A98 /* AFURLConnectionOperation.m */ = {isa = PBXFileReference; fileEncoding = 4; lastKnownFileType = sourcecode.c.objc; name = AFURLConnectionOperation.m; path = AFNetworkingAuth/AFURLConnectionOperation.m; sourceTree = "<group>"; };
		A33311CA1BE3C3B200EA4A98 /* AFURLRequestSerialization.h */ = {isa = PBXFileReference; fileEncoding = 4; lastKnownFileType = sourcecode.c.h; name = AFURLRequestSerialization.h; path = AFNetworkingAuth/AFURLRequestSerialization.h; sourceTree = "<group>"; };
		A33311CB1BE3C3B200EA4A98 /* AFURLRequestSerialization.m */ = {isa = PBXFileReference; fileEncoding = 4; lastKnownFileType = sourcecode.c.objc; name = AFURLRequestSerialization.m; path = AFNetworkingAuth/AFURLRequestSerialization.m; sourceTree = "<group>"; };
		A33311CC1BE3C3B200EA4A98 /* AFURLResponseSerialization.h */ = {isa = PBXFileReference; fileEncoding = 4; lastKnownFileType = sourcecode.c.h; name = AFURLResponseSerialization.h; path = AFNetworkingAuth/AFURLResponseSerialization.h; sourceTree = "<group>"; };
		A33311CD1BE3C3B200EA4A98 /* AFURLResponseSerialization.m */ = {isa = PBXFileReference; fileEncoding = 4; lastKnownFileType = sourcecode.c.objc; name = AFURLResponseSerialization.m; path = AFNetworkingAuth/AFURLResponseSerialization.m; sourceTree = "<group>"; };
		A33311CE1BE3C3B200EA4A98 /* AFURLSessionManager.h */ = {isa = PBXFileReference; fileEncoding = 4; lastKnownFileType = sourcecode.c.h; name = AFURLSessionManager.h; path = AFNetworkingAuth/AFURLSessionManager.h; sourceTree = "<group>"; };
		A33311CF1BE3C3B200EA4A98 /* AFURLSessionManager.m */ = {isa = PBXFileReference; fileEncoding = 4; lastKnownFileType = sourcecode.c.objc; name = AFURLSessionManager.m; path = AFNetworkingAuth/AFURLSessionManager.m; sourceTree = "<group>"; };
		A376646C1BE3A9B70044C962 /* MKAnnotationView+WebCache.h */ = {isa = PBXFileReference; fileEncoding = 4; lastKnownFileType = sourcecode.c.h; path = "MKAnnotationView+WebCache.h"; sourceTree = "<group>"; };
		A376646D1BE3A9B70044C962 /* MKAnnotationView+WebCache.m */ = {isa = PBXFileReference; fileEncoding = 4; lastKnownFileType = sourcecode.c.objc; path = "MKAnnotationView+WebCache.m"; sourceTree = "<group>"; };
		A376646E1BE3A9B70044C962 /* NSData+ImageContentType.h */ = {isa = PBXFileReference; fileEncoding = 4; lastKnownFileType = sourcecode.c.h; path = "NSData+ImageContentType.h"; sourceTree = "<group>"; };
		A376646F1BE3A9B70044C962 /* NSData+ImageContentType.m */ = {isa = PBXFileReference; fileEncoding = 4; lastKnownFileType = sourcecode.c.objc; path = "NSData+ImageContentType.m"; sourceTree = "<group>"; };
		A37664701BE3A9B70044C962 /* SDImageCache.h */ = {isa = PBXFileReference; fileEncoding = 4; lastKnownFileType = sourcecode.c.h; path = SDImageCache.h; sourceTree = "<group>"; };
		A37664711BE3A9B70044C962 /* SDImageCache.m */ = {isa = PBXFileReference; fileEncoding = 4; lastKnownFileType = sourcecode.c.objc; path = SDImageCache.m; sourceTree = "<group>"; };
		A37664721BE3A9B70044C962 /* SDWebImageCompat.h */ = {isa = PBXFileReference; fileEncoding = 4; lastKnownFileType = sourcecode.c.h; path = SDWebImageCompat.h; sourceTree = "<group>"; };
		A37664731BE3A9B70044C962 /* SDWebImageCompat.m */ = {isa = PBXFileReference; fileEncoding = 4; lastKnownFileType = sourcecode.c.objc; path = SDWebImageCompat.m; sourceTree = "<group>"; };
		A37664741BE3A9B70044C962 /* SDWebImageDecoder.h */ = {isa = PBXFileReference; fileEncoding = 4; lastKnownFileType = sourcecode.c.h; path = SDWebImageDecoder.h; sourceTree = "<group>"; };
		A37664751BE3A9B70044C962 /* SDWebImageDecoder.m */ = {isa = PBXFileReference; fileEncoding = 4; lastKnownFileType = sourcecode.c.objc; path = SDWebImageDecoder.m; sourceTree = "<group>"; };
		A37664761BE3A9B70044C962 /* SDWebImageDownloader.h */ = {isa = PBXFileReference; fileEncoding = 4; lastKnownFileType = sourcecode.c.h; path = SDWebImageDownloader.h; sourceTree = "<group>"; };
		A37664771BE3A9B70044C962 /* SDWebImageDownloader.m */ = {isa = PBXFileReference; fileEncoding = 4; lastKnownFileType = sourcecode.c.objc; path = SDWebImageDownloader.m; sourceTree = "<group>"; };
		A37664781BE3A9B70044C962 /* SDWebImageDownloaderOperation.h */ = {isa = PBXFileReference; fileEncoding = 4; lastKnownFileType = sourcecode.c.h; path = SDWebImageDownloaderOperation.h; sourceTree = "<group>"; };
		A37664791BE3A9B70044C962 /* SDWebImageDownloaderOperation.m */ = {isa = PBXFileReference; fileEncoding = 4; lastKnownFileType = sourcecode.c.objc; path = SDWebImageDownloaderOperation.m; sourceTree = "<group>"; };
		A376647A1BE3A9B70044C962 /* SDWebImageManager.h */ = {isa = PBXFileReference; fileEncoding = 4; lastKnownFileType = sourcecode.c.h; path = SDWebImageManager.h; sourceTree = "<group>"; };
		A376647B1BE3A9B70044C962 /* SDWebImageManager.m */ = {isa = PBXFileReference; fileEncoding = 4; lastKnownFileType = sourcecode.c.objc; path = SDWebImageManager.m; sourceTree = "<group>"; };
		A376647C1BE3A9B70044C962 /* SDWebImageOperation.h */ = {isa = PBXFileReference; fileEncoding = 4; lastKnownFileType = sourcecode.c.h; path = SDWebImageOperation.h; sourceTree = "<group>"; };
		A376647D1BE3A9B70044C962 /* SDWebImagePrefetcher.h */ = {isa = PBXFileReference; fileEncoding = 4; lastKnownFileType = sourcecode.c.h; path = SDWebImagePrefetcher.h; sourceTree = "<group>"; };
		A376647E1BE3A9B70044C962 /* SDWebImagePrefetcher.m */ = {isa = PBXFileReference; fileEncoding = 4; lastKnownFileType = sourcecode.c.objc; path = SDWebImagePrefetcher.m; sourceTree = "<group>"; };
		A376647F1BE3A9B70044C962 /* UIButton+WebCache.h */ = {isa = PBXFileReference; fileEncoding = 4; lastKnownFileType = sourcecode.c.h; path = "UIButton+WebCache.h"; sourceTree = "<group>"; };
		A37664801BE3A9B70044C962 /* UIButton+WebCache.m */ = {isa = PBXFileReference; fileEncoding = 4; lastKnownFileType = sourcecode.c.objc; path = "UIButton+WebCache.m"; sourceTree = "<group>"; };
		A37664811BE3A9B70044C962 /* UIImage+GIF.h */ = {isa = PBXFileReference; fileEncoding = 4; lastKnownFileType = sourcecode.c.h; path = "UIImage+GIF.h"; sourceTree = "<group>"; };
		A37664821BE3A9B70044C962 /* UIImage+GIF.m */ = {isa = PBXFileReference; fileEncoding = 4; lastKnownFileType = sourcecode.c.objc; path = "UIImage+GIF.m"; sourceTree = "<group>"; };
		A37664831BE3A9B70044C962 /* UIImage+MultiFormat.h */ = {isa = PBXFileReference; fileEncoding = 4; lastKnownFileType = sourcecode.c.h; path = "UIImage+MultiFormat.h"; sourceTree = "<group>"; };
		A37664841BE3A9B70044C962 /* UIImage+MultiFormat.m */ = {isa = PBXFileReference; fileEncoding = 4; lastKnownFileType = sourcecode.c.objc; path = "UIImage+MultiFormat.m"; sourceTree = "<group>"; };
		A37664851BE3A9B70044C962 /* UIImage+WebP.h */ = {isa = PBXFileReference; fileEncoding = 4; lastKnownFileType = sourcecode.c.h; path = "UIImage+WebP.h"; sourceTree = "<group>"; };
		A37664861BE3A9B70044C962 /* UIImage+WebP.m */ = {isa = PBXFileReference; fileEncoding = 4; lastKnownFileType = sourcecode.c.objc; path = "UIImage+WebP.m"; sourceTree = "<group>"; };
		A37664871BE3A9B70044C962 /* UIImageView+HighlightedWebCache.h */ = {isa = PBXFileReference; fileEncoding = 4; lastKnownFileType = sourcecode.c.h; path = "UIImageView+HighlightedWebCache.h"; sourceTree = "<group>"; };
		A37664881BE3A9B70044C962 /* UIImageView+HighlightedWebCache.m */ = {isa = PBXFileReference; fileEncoding = 4; lastKnownFileType = sourcecode.c.objc; path = "UIImageView+HighlightedWebCache.m"; sourceTree = "<group>"; };
		A37664891BE3A9B70044C962 /* UIImageView+WebCache.h */ = {isa = PBXFileReference; fileEncoding = 4; lastKnownFileType = sourcecode.c.h; path = "UIImageView+WebCache.h"; sourceTree = "<group>"; };
		A376648A1BE3A9B70044C962 /* UIImageView+WebCache.m */ = {isa = PBXFileReference; fileEncoding = 4; lastKnownFileType = sourcecode.c.objc; path = "UIImageView+WebCache.m"; sourceTree = "<group>"; };
		A376648B1BE3A9B70044C962 /* UIView+WebCacheOperation.h */ = {isa = PBXFileReference; fileEncoding = 4; lastKnownFileType = sourcecode.c.h; path = "UIView+WebCacheOperation.h"; sourceTree = "<group>"; };
		A376648C1BE3A9B70044C962 /* UIView+WebCacheOperation.m */ = {isa = PBXFileReference; fileEncoding = 4; lastKnownFileType = sourcecode.c.objc; path = "UIView+WebCacheOperation.m"; sourceTree = "<group>"; };
		A3AFBABF1BE4CB8A00BB9009 /* Sinch.framework */ = {isa = PBXFileReference; lastKnownFileType = wrapper.framework; path = Sinch.framework; sourceTree = "<group>"; };
		A3AFBAC11BE4CBBB00BB9009 /* AVFoundation.framework */ = {isa = PBXFileReference; lastKnownFileType = wrapper.framework; name = AVFoundation.framework; path = System/Library/Frameworks/AVFoundation.framework; sourceTree = SDKROOT; };
		A3AFBAC31BE4CE5A00BB9009 /* Bolts.framework */ = {isa = PBXFileReference; lastKnownFileType = wrapper.framework; path = Bolts.framework; sourceTree = "<group>"; };
		A3AFBAC41BE4CE5A00BB9009 /* Parse.framework */ = {isa = PBXFileReference; lastKnownFileType = wrapper.framework; path = Parse.framework; sourceTree = "<group>"; };
		A3AFBAC71BE4CE8400BB9009 /* CoreLocation.framework */ = {isa = PBXFileReference; lastKnownFileType = wrapper.framework; name = CoreLocation.framework; path = System/Library/Frameworks/CoreLocation.framework; sourceTree = SDKROOT; };
		A3AFBAC91BE4CE9100BB9009 /* QuartzCore.framework */ = {isa = PBXFileReference; lastKnownFileType = wrapper.framework; name = QuartzCore.framework; path = System/Library/Frameworks/QuartzCore.framework; sourceTree = SDKROOT; };
		A3AFBACB1BE4CE9B00BB9009 /* StoreKit.framework */ = {isa = PBXFileReference; lastKnownFileType = wrapper.framework; name = StoreKit.framework; path = System/Library/Frameworks/StoreKit.framework; sourceTree = SDKROOT; };
		A3AFBACD1BE4CED200BB9009 /* libz.tbd */ = {isa = PBXFileReference; lastKnownFileType = "sourcecode.text-based-dylib-definition"; name = libz.tbd; path = usr/lib/libz.tbd; sourceTree = SDKROOT; };
		A3AFBACF1BE4CEDD00BB9009 /* libsqlite3.tbd */ = {isa = PBXFileReference; lastKnownFileType = "sourcecode.text-based-dylib-definition"; name = libsqlite3.tbd; path = usr/lib/libsqlite3.tbd; sourceTree = SDKROOT; };
		A3AFBAD11BE4CF3600BB9009 /* Accounts.framework */ = {isa = PBXFileReference; lastKnownFileType = wrapper.framework; name = Accounts.framework; path = System/Library/Frameworks/Accounts.framework; sourceTree = SDKROOT; };
		A3AFBAD31BE4CF4800BB9009 /* Social.framework */ = {isa = PBXFileReference; lastKnownFileType = wrapper.framework; name = Social.framework; path = System/Library/Frameworks/Social.framework; sourceTree = SDKROOT; };
		A3AFBAD51BE4D10E00BB9009 /* Config.h */ = {isa = PBXFileReference; lastKnownFileType = sourcecode.c.h; path = Config.h; sourceTree = "<group>"; };
		A3AFBAD61BE4D2B000BB9009 /* MNCLoginViewController.h */ = {isa = PBXFileReference; fileEncoding = 4; lastKnownFileType = sourcecode.c.h; path = MNCLoginViewController.h; sourceTree = "<group>"; };
		A3AFBAD71BE4D2B000BB9009 /* MNCLoginViewController.m */ = {isa = PBXFileReference; fileEncoding = 4; lastKnownFileType = sourcecode.c.objc; path = MNCLoginViewController.m; sourceTree = "<group>"; };
		A3AFBAD91BE4D4A500BB9009 /* MNCChatMateListViewController.h */ = {isa = PBXFileReference; fileEncoding = 4; lastKnownFileType = sourcecode.c.h; path = MNCChatMateListViewController.h; sourceTree = "<group>"; };
		A3AFBADA1BE4D4A500BB9009 /* MNCChatMateListViewController.m */ = {isa = PBXFileReference; fileEncoding = 4; lastKnownFileType = sourcecode.c.objc; path = MNCChatMateListViewController.m; sourceTree = "<group>"; };
		A3AFBADC1BE4E18800BB9009 /* MNCChatMessage.h */ = {isa = PBXFileReference; fileEncoding = 4; lastKnownFileType = sourcecode.c.h; path = MNCChatMessage.h; sourceTree = "<group>"; };
		A3AFBADD1BE4E18800BB9009 /* MNCChatMessage.m */ = {isa = PBXFileReference; fileEncoding = 4; lastKnownFileType = sourcecode.c.objc; path = MNCChatMessage.m; sourceTree = "<group>"; };
		A3AFBADF1BE4E66300BB9009 /* MNCChatMessageCell.h */ = {isa = PBXFileReference; fileEncoding = 4; lastKnownFileType = sourcecode.c.h; path = MNCChatMessageCell.h; sourceTree = "<group>"; };
		A3AFBAE01BE4E66300BB9009 /* MNCChatMessageCell.m */ = {isa = PBXFileReference; fileEncoding = 4; lastKnownFileType = sourcecode.c.objc; path = MNCChatMessageCell.m; sourceTree = "<group>"; };
		A3B426E01BE12BFC00102950 /* DUCEPRO.app */ = {isa = PBXFileReference; explicitFileType = wrapper.application; includeInIndex = 0; path = DUCEPRO.app; sourceTree = BUILT_PRODUCTS_DIR; };
		A3B426E41BE12BFC00102950 /* main.m */ = {isa = PBXFileReference; lastKnownFileType = sourcecode.c.objc; path = main.m; sourceTree = "<group>"; };
		A3B426E61BE12BFC00102950 /* AppDelegate.h */ = {isa = PBXFileReference; lastKnownFileType = sourcecode.c.h; path = AppDelegate.h; sourceTree = "<group>"; };
		A3B426E71BE12BFC00102950 /* AppDelegate.m */ = {isa = PBXFileReference; lastKnownFileType = sourcecode.c.objc; path = AppDelegate.m; sourceTree = "<group>"; };
		A3B426E91BE12BFC00102950 /* ViewController.h */ = {isa = PBXFileReference; lastKnownFileType = sourcecode.c.h; path = ViewController.h; sourceTree = "<group>"; };
		A3B426EA1BE12BFC00102950 /* ViewController.m */ = {isa = PBXFileReference; lastKnownFileType = sourcecode.c.objc; path = ViewController.m; sourceTree = "<group>"; };
		A3B426ED1BE12BFC00102950 /* Base */ = {isa = PBXFileReference; lastKnownFileType = file.storyboard; name = Base; path = Base.lproj/Main.storyboard; sourceTree = "<group>"; };
		A3B426EF1BE12BFC00102950 /* Assets.xcassets */ = {isa = PBXFileReference; lastKnownFileType = folder.assetcatalog; path = Assets.xcassets; sourceTree = "<group>"; };
		A3B426F21BE12BFC00102950 /* Base */ = {isa = PBXFileReference; lastKnownFileType = file.storyboard; name = Base; path = Base.lproj/LaunchScreen.storyboard; sourceTree = "<group>"; };
		A3B426F41BE12BFC00102950 /* Info.plist */ = {isa = PBXFileReference; lastKnownFileType = text.plist.xml; path = Info.plist; sourceTree = "<group>"; };
		A3B426F91BE12BFC00102950 /* DUCEPROTests.xctest */ = {isa = PBXFileReference; explicitFileType = wrapper.cfbundle; includeInIndex = 0; path = DUCEPROTests.xctest; sourceTree = BUILT_PRODUCTS_DIR; };
		A3B426FD1BE12BFC00102950 /* DUCEPROTests.m */ = {isa = PBXFileReference; lastKnownFileType = sourcecode.c.objc; path = DUCEPROTests.m; sourceTree = "<group>"; };
		A3B426FF1BE12BFC00102950 /* Info.plist */ = {isa = PBXFileReference; lastKnownFileType = text.plist.xml; path = Info.plist; sourceTree = "<group>"; };
		A3B427041BE12BFC00102950 /* DUCEPROUITests.xctest */ = {isa = PBXFileReference; explicitFileType = wrapper.cfbundle; includeInIndex = 0; path = DUCEPROUITests.xctest; sourceTree = BUILT_PRODUCTS_DIR; };
		A3B427081BE12BFC00102950 /* DUCEPROUITests.m */ = {isa = PBXFileReference; lastKnownFileType = sourcecode.c.objc; path = DUCEPROUITests.m; sourceTree = "<group>"; };
		A3B4270A1BE12BFC00102950 /* Info.plist */ = {isa = PBXFileReference; lastKnownFileType = text.plist.xml; path = Info.plist; sourceTree = "<group>"; };
		A3B427171BE131C600102950 /* AudioToolbox.framework */ = {isa = PBXFileReference; lastKnownFileType = wrapper.framework; name = AudioToolbox.framework; path = System/Library/Frameworks/AudioToolbox.framework; sourceTree = SDKROOT; };
		A3B427191BE131CF00102950 /* CFNetwork.framework */ = {isa = PBXFileReference; lastKnownFileType = wrapper.framework; name = CFNetwork.framework; path = System/Library/Frameworks/CFNetwork.framework; sourceTree = SDKROOT; };
		A3B4271B1BE131D400102950 /* CoreGraphics.framework */ = {isa = PBXFileReference; lastKnownFileType = wrapper.framework; name = CoreGraphics.framework; path = System/Library/Frameworks/CoreGraphics.framework; sourceTree = SDKROOT; };
		A3B4271D1BE131DB00102950 /* CoreMedia.framework */ = {isa = PBXFileReference; lastKnownFileType = wrapper.framework; name = CoreMedia.framework; path = System/Library/Frameworks/CoreMedia.framework; sourceTree = SDKROOT; };
		A3B4271F1BE131E100102950 /* Security.framework */ = {isa = PBXFileReference; lastKnownFileType = wrapper.framework; name = Security.framework; path = System/Library/Frameworks/Security.framework; sourceTree = SDKROOT; };
		A3B427211BE131E900102950 /* SystemConfiguration.framework */ = {isa = PBXFileReference; lastKnownFileType = wrapper.framework; name = SystemConfiguration.framework; path = System/Library/Frameworks/SystemConfiguration.framework; sourceTree = SDKROOT; };
		A3B4274D1BE133A800102950 /* Rdio.framework */ = {isa = PBXFileReference; lastKnownFileType = wrapper.framework; path = Rdio.framework; sourceTree = "<group>"; };
		A3EE4FE01BE2915B000AC203 /* tux_duce.png */ = {isa = PBXFileReference; lastKnownFileType = image.png; path = tux_duce.png; sourceTree = "<group>"; };
		A3EE4FE21BE2948D000AC203 /* MusicChatViewController.h */ = {isa = PBXFileReference; fileEncoding = 4; lastKnownFileType = sourcecode.c.h; path = MusicChatViewController.h; sourceTree = "<group>"; };
		A3EE4FE31BE2948D000AC203 /* MusicChatViewController.m */ = {isa = PBXFileReference; fileEncoding = 4; lastKnownFileType = sourcecode.c.objc; path = MusicChatViewController.m; sourceTree = "<group>"; };
/* End PBXFileReference section */

/* Begin PBXFrameworksBuildPhase section */
		A3B426DD1BE12BFC00102950 /* Frameworks */ = {
			isa = PBXFrameworksBuildPhase;
			buildActionMask = 2147483647;
			files = (
				A3AFBAD41BE4CF4800BB9009 /* Social.framework in Frameworks */,
				A3AFBAD21BE4CF3600BB9009 /* Accounts.framework in Frameworks */,
				A3AFBAD01BE4CEDD00BB9009 /* libsqlite3.tbd in Frameworks */,
				A3AFBACE1BE4CED200BB9009 /* libz.tbd in Frameworks */,
				A3AFBACC1BE4CE9B00BB9009 /* StoreKit.framework in Frameworks */,
				A3AFBACA1BE4CE9100BB9009 /* QuartzCore.framework in Frameworks */,
				A3AFBAC81BE4CE8400BB9009 /* CoreLocation.framework in Frameworks */,
				A3AFBAC21BE4CBBB00BB9009 /* AVFoundation.framework in Frameworks */,
				A3B427221BE131E900102950 /* SystemConfiguration.framework in Frameworks */,
				A3B427201BE131E100102950 /* Security.framework in Frameworks */,
				A3AFBAC01BE4CB8A00BB9009 /* Sinch.framework in Frameworks */,
				A3B4271E1BE131DB00102950 /* CoreMedia.framework in Frameworks */,
				59A2F5491BE4B327008E026E /* Fabric.framework in Frameworks */,
				A3B4271C1BE131D400102950 /* CoreGraphics.framework in Frameworks */,
				A3AFBAC51BE4CE5A00BB9009 /* Bolts.framework in Frameworks */,
				59A2F54C1BE4B327008E026E /* TwitterCore.framework in Frameworks */,
				A3B4271A1BE131CF00102950 /* CFNetwork.framework in Frameworks */,
				A3AFBAC61BE4CE5A00BB9009 /* Parse.framework in Frameworks */,
				A3B427181BE131C600102950 /* AudioToolbox.framework in Frameworks */,
				A3B4274E1BE133A800102950 /* Rdio.framework in Frameworks */,
				59A2F54A1BE4B327008E026E /* TwitterKit.framework in Frameworks */,
			);
			runOnlyForDeploymentPostprocessing = 0;
		};
		A3B426F61BE12BFC00102950 /* Frameworks */ = {
			isa = PBXFrameworksBuildPhase;
			buildActionMask = 2147483647;
			files = (
			);
			runOnlyForDeploymentPostprocessing = 0;
		};
		A3B427011BE12BFC00102950 /* Frameworks */ = {
			isa = PBXFrameworksBuildPhase;
			buildActionMask = 2147483647;
			files = (
			);
			runOnlyForDeploymentPostprocessing = 0;
		};
/* End PBXFrameworksBuildPhase section */

/* Begin PBXGroup section */
		595A73951BE3F7D400258408 /* App Delegate */ = {
			isa = PBXGroup;
			children = (
				A3B426E61BE12BFC00102950 /* AppDelegate.h */,
				A3B426E71BE12BFC00102950 /* AppDelegate.m */,
			);
			name = "App Delegate";
			sourceTree = "<group>";
		};
		595A73961BE3F7E200258408 /* Controllers */ = {
			isa = PBXGroup;
			children = (
				1894E8411BE4FF2F00FCF89B /* SplashViewController.h */,
				1894E8421BE4FF2F00FCF89B /* SplashViewController.m */,
				A3AFBAD91BE4D4A500BB9009 /* MNCChatMateListViewController.h */,
				A3AFBADA1BE4D4A500BB9009 /* MNCChatMateListViewController.m */,
				A3AFBAD61BE4D2B000BB9009 /* MNCLoginViewController.h */,
				A3AFBAD71BE4D2B000BB9009 /* MNCLoginViewController.m */,
				595A73981BE3F81200258408 /* Main */,
				595A739A1BE3F82000258408 /* Search */,
				595A73991BE3F81A00258408 /* Music Chat */,
				59A2F5501BE4B3E9008E026E /* Twitter */,
			);
			name = Controllers;
			sourceTree = "<group>";
		};
		595A73971BE3F7EA00258408 /* Views */ = {
			isa = PBXGroup;
			children = (
				A3B426EC1BE12BFC00102950 /* Main.storyboard */,
				A3B426F11BE12BFC00102950 /* LaunchScreen.storyboard */,
				A3AFBADF1BE4E66300BB9009 /* MNCChatMessageCell.h */,
				A3AFBAE01BE4E66300BB9009 /* MNCChatMessageCell.m */,
				59A2F5981BE521AF008E026E /* CurvedTextField.h */,
				59A2F5991BE521AF008E026E /* CurvedTextField.m */,
				59A2F5A01BE52517008E026E /* Music Header View */,
				59A2F5101BE45ACD008E026E /* Search Table View Cell */,
			);
			name = Views;
			sourceTree = "<group>";
		};
		595A73981BE3F81200258408 /* Main */ = {
			isa = PBXGroup;
			children = (
				A3B426E91BE12BFC00102950 /* ViewController.h */,
				A3B426EA1BE12BFC00102950 /* ViewController.m */,
			);
			name = Main;
			sourceTree = "<group>";
		};
		595A73991BE3F81A00258408 /* Music Chat */ = {
			isa = PBXGroup;
			children = (
				A3EE4FE21BE2948D000AC203 /* MusicChatViewController.h */,
				A3EE4FE31BE2948D000AC203 /* MusicChatViewController.m */,
			);
			name = "Music Chat";
			sourceTree = "<group>";
		};
		595A739A1BE3F82000258408 /* Search */ = {
			isa = PBXGroup;
			children = (
				A30047571BE27D9D00EE0A85 /* SearchViewController.h */,
				A30047581BE27D9D00EE0A85 /* SearchViewController.m */,
			);
			name = Search;
			sourceTree = "<group>";
		};
		59A2F5101BE45ACD008E026E /* Search Table View Cell */ = {
			isa = PBXGroup;
			children = (
				59A2F5A71BE5324A008E026E /* SenderBGView.h */,
				59A2F5A81BE5324A008E026E /* SenderBGView.m */,
				59A2F50D1BE45AC9008E026E /* SearchTableViewCell.h */,
				59A2F50E1BE45AC9008E026E /* SearchTableViewCell.m */,
			);
			name = "Search Table View Cell";
			sourceTree = "<group>";
		};
		59A2F5501BE4B3E9008E026E /* Twitter */ = {
			isa = PBXGroup;
			children = (
				59A2F54D1BE4B3E6008E026E /* TwitterViewController.h */,
				59A2F54E1BE4B3E6008E026E /* TwitterViewController.m */,
			);
			name = Twitter;
			sourceTree = "<group>";
		};
		59A2F5511BE4B671008E026E /* SVProgressHUD */ = {
			isa = PBXGroup;
			children = (
				59A2F5521BE4B671008E026E /* SVIndefiniteAnimatedView.h */,
				59A2F5531BE4B671008E026E /* SVIndefiniteAnimatedView.m */,
				59A2F5541BE4B671008E026E /* SVProgressHUD-Prefix.pch */,
				59A2F5551BE4B671008E026E /* SVProgressHUD.bundle */,
				59A2F5561BE4B671008E026E /* SVProgressHUD.h */,
				59A2F5571BE4B671008E026E /* SVProgressHUD.m */,
				59A2F5581BE4B671008E026E /* SVRadialGradientLayer.h */,
				59A2F5591BE4B671008E026E /* SVRadialGradientLayer.m */,
			);
			path = SVProgressHUD;
			sourceTree = "<group>";
		};
		59A2F5A01BE52517008E026E /* Music Header View */ = {
			isa = PBXGroup;
			children = (
				59A2F5A11BE52578008E026E /* RSPlayPauseButton */,
				59A2F59B1BE52512008E026E /* MusicHeaderView.h */,
				59A2F59C1BE52512008E026E /* MusicHeaderView.m */,
				59A2F59D1BE52512008E026E /* MusicHeaderView.xib */,
			);
			name = "Music Header View";
			sourceTree = "<group>";
		};
		59A2F5A11BE52578008E026E /* RSPlayPauseButton */ = {
			isa = PBXGroup;
			children = (
				59A2F5A21BE52578008E026E /* gradient.png */,
				59A2F5A31BE52578008E026E /* RSPlayPauseButton.h */,
				59A2F5A41BE52578008E026E /* RSPlayPauseButton.m */,
			);
			path = RSPlayPauseButton;
			sourceTree = "<group>";
		};
		A300475A1BE286C000EE0A85 /* Model */ = {
			isa = PBXGroup;
			children = (
				A3AFBADC1BE4E18800BB9009 /* MNCChatMessage.h */,
				A3AFBADD1BE4E18800BB9009 /* MNCChatMessage.m */,
				A300475B1BE286D600EE0A85 /* RdioTrack.h */,
				A300475C1BE286D600EE0A85 /* RdioTrack.m */,
			);
			name = Model;
			sourceTree = "<group>";
		};
		A33311B81BE3C3A200EA4A98 /* AFNetworkingAuth */ = {
			isa = PBXGroup;
			children = (
				A33311B91BE3C3B200EA4A98 /* AFHTTPRequestOperation.h */,
				A33311BA1BE3C3B200EA4A98 /* AFHTTPRequestOperation.m */,
				A33311BB1BE3C3B200EA4A98 /* AFHTTPRequestOperationManager.h */,
				A33311BC1BE3C3B200EA4A98 /* AFHTTPRequestOperationManager.m */,
				A33311BD1BE3C3B200EA4A98 /* AFHTTPRequestSerializer+OAuth2.h */,
				A33311BE1BE3C3B200EA4A98 /* AFHTTPRequestSerializer+OAuth2.m */,
				A33311BF1BE3C3B200EA4A98 /* AFHTTPSessionManager.h */,
				A33311C01BE3C3B200EA4A98 /* AFHTTPSessionManager.m */,
				A33311C11BE3C3B200EA4A98 /* AFNetworking.h */,
				A33311C21BE3C3B200EA4A98 /* AFNetworkReachabilityManager.h */,
				A33311C31BE3C3B200EA4A98 /* AFNetworkReachabilityManager.m */,
				A33311C41BE3C3B200EA4A98 /* AFOAuth2Manager.h */,
				A33311C51BE3C3B200EA4A98 /* AFOAuth2Manager.m */,
				A33311C61BE3C3B200EA4A98 /* AFSecurityPolicy.h */,
				A33311C71BE3C3B200EA4A98 /* AFSecurityPolicy.m */,
				A33311C81BE3C3B200EA4A98 /* AFURLConnectionOperation.h */,
				A33311C91BE3C3B200EA4A98 /* AFURLConnectionOperation.m */,
				A33311CA1BE3C3B200EA4A98 /* AFURLRequestSerialization.h */,
				A33311CB1BE3C3B200EA4A98 /* AFURLRequestSerialization.m */,
				A33311CC1BE3C3B200EA4A98 /* AFURLResponseSerialization.h */,
				A33311CD1BE3C3B200EA4A98 /* AFURLResponseSerialization.m */,
				A33311CE1BE3C3B200EA4A98 /* AFURLSessionManager.h */,
				A33311CF1BE3C3B200EA4A98 /* AFURLSessionManager.m */,
			);
			name = AFNetworkingAuth;
			sourceTree = "<group>";
		};
		A376646B1BE3A6D30044C962 /* SDWebImage */ = {
			isa = PBXGroup;
			children = (
				A376646C1BE3A9B70044C962 /* MKAnnotationView+WebCache.h */,
				A376646D1BE3A9B70044C962 /* MKAnnotationView+WebCache.m */,
				A376646E1BE3A9B70044C962 /* NSData+ImageContentType.h */,
				A376646F1BE3A9B70044C962 /* NSData+ImageContentType.m */,
				A37664701BE3A9B70044C962 /* SDImageCache.h */,
				A37664711BE3A9B70044C962 /* SDImageCache.m */,
				A37664721BE3A9B70044C962 /* SDWebImageCompat.h */,
				A37664731BE3A9B70044C962 /* SDWebImageCompat.m */,
				A37664741BE3A9B70044C962 /* SDWebImageDecoder.h */,
				A37664751BE3A9B70044C962 /* SDWebImageDecoder.m */,
				A37664761BE3A9B70044C962 /* SDWebImageDownloader.h */,
				A37664771BE3A9B70044C962 /* SDWebImageDownloader.m */,
				A37664781BE3A9B70044C962 /* SDWebImageDownloaderOperation.h */,
				A37664791BE3A9B70044C962 /* SDWebImageDownloaderOperation.m */,
				A376647A1BE3A9B70044C962 /* SDWebImageManager.h */,
				A376647B1BE3A9B70044C962 /* SDWebImageManager.m */,
				A376647C1BE3A9B70044C962 /* SDWebImageOperation.h */,
				A376647D1BE3A9B70044C962 /* SDWebImagePrefetcher.h */,
				A376647E1BE3A9B70044C962 /* SDWebImagePrefetcher.m */,
				A376647F1BE3A9B70044C962 /* UIButton+WebCache.h */,
				A37664801BE3A9B70044C962 /* UIButton+WebCache.m */,
				A37664811BE3A9B70044C962 /* UIImage+GIF.h */,
				A37664821BE3A9B70044C962 /* UIImage+GIF.m */,
				A37664831BE3A9B70044C962 /* UIImage+MultiFormat.h */,
				A37664841BE3A9B70044C962 /* UIImage+MultiFormat.m */,
				A37664851BE3A9B70044C962 /* UIImage+WebP.h */,
				A37664861BE3A9B70044C962 /* UIImage+WebP.m */,
				A37664871BE3A9B70044C962 /* UIImageView+HighlightedWebCache.h */,
				A37664881BE3A9B70044C962 /* UIImageView+HighlightedWebCache.m */,
				A37664891BE3A9B70044C962 /* UIImageView+WebCache.h */,
				A376648A1BE3A9B70044C962 /* UIImageView+WebCache.m */,
				A376648B1BE3A9B70044C962 /* UIView+WebCacheOperation.h */,
				A376648C1BE3A9B70044C962 /* UIView+WebCacheOperation.m */,
			);
			name = SDWebImage;
			sourceTree = "<group>";
		};
		A3B426D71BE12BFC00102950 = {
			isa = PBXGroup;
			children = (
				A3B427161BE1311800102950 /* Frameworks */,
				A3B426E21BE12BFC00102950 /* DUCEPRO */,
				A3B426FC1BE12BFC00102950 /* DUCEPROTests */,
				A3B427071BE12BFC00102950 /* DUCEPROUITests */,
				A3B426E11BE12BFC00102950 /* Products */,
			);
			sourceTree = "<group>";
		};
		A3B426E11BE12BFC00102950 /* Products */ = {
			isa = PBXGroup;
			children = (
				A3B426E01BE12BFC00102950 /* DUCEPRO.app */,
				A3B426F91BE12BFC00102950 /* DUCEPROTests.xctest */,
				A3B427041BE12BFC00102950 /* DUCEPROUITests.xctest */,
			);
			name = Products;
			sourceTree = "<group>";
		};
		A3B426E21BE12BFC00102950 /* DUCEPRO */ = {
			isa = PBXGroup;
			children = (
				A3B426EF1BE12BFC00102950 /* Assets.xcassets */,
				595A73951BE3F7D400258408 /* App Delegate */,
				A3EE4FAD1BE29054000AC203 /* Libraries */,
				A300475A1BE286C000EE0A85 /* Model */,
				595A73971BE3F7EA00258408 /* Views */,
				595A73961BE3F7E200258408 /* Controllers */,
				A3B426E31BE12BFC00102950 /* Supporting Files */,
			);
			path = DUCEPRO;
			sourceTree = "<group>";
		};
		A3B426E31BE12BFC00102950 /* Supporting Files */ = {
			isa = PBXGroup;
			children = (
				18F5B3B11BE503F00046EDA8 /* DarkArmy.mov */,
				A3AFBAD51BE4D10E00BB9009 /* Config.h */,
				A3B426F41BE12BFC00102950 /* Info.plist */,
				A3EE4FE01BE2915B000AC203 /* tux_duce.png */,
				A3B426E41BE12BFC00102950 /* main.m */,
			);
			name = "Supporting Files";
			sourceTree = "<group>";
		};
		A3B426FC1BE12BFC00102950 /* DUCEPROTests */ = {
			isa = PBXGroup;
			children = (
				A3B426FD1BE12BFC00102950 /* DUCEPROTests.m */,
				A3B426FF1BE12BFC00102950 /* Info.plist */,
			);
			path = DUCEPROTests;
			sourceTree = "<group>";
		};
		A3B427071BE12BFC00102950 /* DUCEPROUITests */ = {
			isa = PBXGroup;
			children = (
				A3B427081BE12BFC00102950 /* DUCEPROUITests.m */,
				A3B4270A1BE12BFC00102950 /* Info.plist */,
			);
			path = DUCEPROUITests;
			sourceTree = "<group>";
		};
		A3B427161BE1311800102950 /* Frameworks */ = {
			isa = PBXGroup;
			children = (
				A3AFBAD31BE4CF4800BB9009 /* Social.framework */,
				A3AFBAD11BE4CF3600BB9009 /* Accounts.framework */,
				A3AFBACF1BE4CEDD00BB9009 /* libsqlite3.tbd */,
				A3AFBACD1BE4CED200BB9009 /* libz.tbd */,
				A3AFBACB1BE4CE9B00BB9009 /* StoreKit.framework */,
				A3AFBAC91BE4CE9100BB9009 /* QuartzCore.framework */,
				A3AFBAC71BE4CE8400BB9009 /* CoreLocation.framework */,
				A3AFBAC31BE4CE5A00BB9009 /* Bolts.framework */,
				A3AFBAC41BE4CE5A00BB9009 /* Parse.framework */,
				A3AFBAC11BE4CBBB00BB9009 /* AVFoundation.framework */,
				A3AFBABF1BE4CB8A00BB9009 /* Sinch.framework */,
				59A2F5451BE4B327008E026E /* Fabric.framework */,
				59A2F5461BE4B327008E026E /* TwitterKit.framework */,
				59A2F5471BE4B327008E026E /* TwitterKitResources.bundle */,
				59A2F5481BE4B327008E026E /* TwitterCore.framework */,
				A3B4274D1BE133A800102950 /* Rdio.framework */,
				A3B427211BE131E900102950 /* SystemConfiguration.framework */,
				A3B4271F1BE131E100102950 /* Security.framework */,
				A3B4271D1BE131DB00102950 /* CoreMedia.framework */,
				A3B4271B1BE131D400102950 /* CoreGraphics.framework */,
				A3B427191BE131CF00102950 /* CFNetwork.framework */,
				A3B427171BE131C600102950 /* AudioToolbox.framework */,
			);
			name = Frameworks;
			sourceTree = "<group>";
		};
		A3EE4FAD1BE29054000AC203 /* Libraries */ = {
			isa = PBXGroup;
			children = (
				59A2F5511BE4B671008E026E /* SVProgressHUD */,
				A33311B81BE3C3A200EA4A98 /* AFNetworkingAuth */,
				A376646B1BE3A6D30044C962 /* SDWebImage */,
			);
			name = Libraries;
			sourceTree = "<group>";
		};
/* End PBXGroup section */

/* Begin PBXNativeTarget section */
		A3B426DF1BE12BFC00102950 /* DUCEPRO */ = {
			isa = PBXNativeTarget;
			buildConfigurationList = A3B4270D1BE12BFC00102950 /* Build configuration list for PBXNativeTarget "DUCEPRO" */;
			buildPhases = (
				A3B426DC1BE12BFC00102950 /* Sources */,
				A3B426DD1BE12BFC00102950 /* Frameworks */,
				A3B426DE1BE12BFC00102950 /* Resources */,
				59A2F5441BE4B312008E026E /* ShellScript */,
			);
			buildRules = (
			);
			dependencies = (
			);
			name = DUCEPRO;
			productName = DUCEPRO;
			productReference = A3B426E01BE12BFC00102950 /* DUCEPRO.app */;
			productType = "com.apple.product-type.application";
		};
		A3B426F81BE12BFC00102950 /* DUCEPROTests */ = {
			isa = PBXNativeTarget;
			buildConfigurationList = A3B427101BE12BFC00102950 /* Build configuration list for PBXNativeTarget "DUCEPROTests" */;
			buildPhases = (
				A3B426F51BE12BFC00102950 /* Sources */,
				A3B426F61BE12BFC00102950 /* Frameworks */,
				A3B426F71BE12BFC00102950 /* Resources */,
			);
			buildRules = (
			);
			dependencies = (
				A3B426FB1BE12BFC00102950 /* PBXTargetDependency */,
			);
			name = DUCEPROTests;
			productName = DUCEPROTests;
			productReference = A3B426F91BE12BFC00102950 /* DUCEPROTests.xctest */;
			productType = "com.apple.product-type.bundle.unit-test";
		};
		A3B427031BE12BFC00102950 /* DUCEPROUITests */ = {
			isa = PBXNativeTarget;
			buildConfigurationList = A3B427131BE12BFC00102950 /* Build configuration list for PBXNativeTarget "DUCEPROUITests" */;
			buildPhases = (
				A3B427001BE12BFC00102950 /* Sources */,
				A3B427011BE12BFC00102950 /* Frameworks */,
				A3B427021BE12BFC00102950 /* Resources */,
			);
			buildRules = (
			);
			dependencies = (
				A3B427061BE12BFC00102950 /* PBXTargetDependency */,
			);
			name = DUCEPROUITests;
			productName = DUCEPROUITests;
			productReference = A3B427041BE12BFC00102950 /* DUCEPROUITests.xctest */;
			productType = "com.apple.product-type.bundle.ui-testing";
		};
/* End PBXNativeTarget section */

/* Begin PBXProject section */
		A3B426D81BE12BFC00102950 /* Project object */ = {
			isa = PBXProject;
			attributes = {
				LastUpgradeCheck = 0700;
				ORGANIZATIONNAME = appvaders;
				TargetAttributes = {
					A3B426DF1BE12BFC00102950 = {
						CreatedOnToolsVersion = 7.0.1;
					};
					A3B426F81BE12BFC00102950 = {
						CreatedOnToolsVersion = 7.0.1;
						TestTargetID = A3B426DF1BE12BFC00102950;
					};
					A3B427031BE12BFC00102950 = {
						CreatedOnToolsVersion = 7.0.1;
						TestTargetID = A3B426DF1BE12BFC00102950;
					};
				};
			};
			buildConfigurationList = A3B426DB1BE12BFC00102950 /* Build configuration list for PBXProject "DUCEPRO" */;
			compatibilityVersion = "Xcode 3.2";
			developmentRegion = English;
			hasScannedForEncodings = 0;
			knownRegions = (
				en,
				Base,
			);
			mainGroup = A3B426D71BE12BFC00102950;
			productRefGroup = A3B426E11BE12BFC00102950 /* Products */;
			projectDirPath = "";
			projectRoot = "";
			targets = (
				A3B426DF1BE12BFC00102950 /* DUCEPRO */,
				A3B426F81BE12BFC00102950 /* DUCEPROTests */,
				A3B427031BE12BFC00102950 /* DUCEPROUITests */,
			);
		};
/* End PBXProject section */

/* Begin PBXResourcesBuildPhase section */
		A3B426DE1BE12BFC00102950 /* Resources */ = {
			isa = PBXResourcesBuildPhase;
			buildActionMask = 2147483647;
			files = (
				A3EE4FE11BE2915B000AC203 /* tux_duce.png in Resources */,
				59A2F5A51BE52579008E026E /* gradient.png in Resources */,
				59A2F59F1BE52512008E026E /* MusicHeaderView.xib in Resources */,
				18F5B3B21BE503F00046EDA8 /* DarkArmy.mov in Resources */,
				59A2F55B1BE4B671008E026E /* SVProgressHUD.bundle in Resources */,
				A3B426F31BE12BFC00102950 /* LaunchScreen.storyboard in Resources */,
				A3B426F01BE12BFC00102950 /* Assets.xcassets in Resources */,
				A3B426EE1BE12BFC00102950 /* Main.storyboard in Resources */,
				59A2F54B1BE4B327008E026E /* TwitterKitResources.bundle in Resources */,
			);
			runOnlyForDeploymentPostprocessing = 0;
		};
		A3B426F71BE12BFC00102950 /* Resources */ = {
			isa = PBXResourcesBuildPhase;
			buildActionMask = 2147483647;
			files = (
			);
			runOnlyForDeploymentPostprocessing = 0;
		};
		A3B427021BE12BFC00102950 /* Resources */ = {
			isa = PBXResourcesBuildPhase;
			buildActionMask = 2147483647;
			files = (
			);
			runOnlyForDeploymentPostprocessing = 0;
		};
/* End PBXResourcesBuildPhase section */

/* Begin PBXShellScriptBuildPhase section */
		59A2F5441BE4B312008E026E /* ShellScript */ = {
			isa = PBXShellScriptBuildPhase;
			buildActionMask = 2147483647;
			files = (
			);
			inputPaths = (
			);
			outputPaths = (
			);
			runOnlyForDeploymentPostprocessing = 0;
			shellPath = /bin/sh;
			shellScript = "./Fabric.framework/run ad580889a5215dafa8cfbc7bd83b69a902630885 65442269483836d4d2f58c0b998b439675796989741f7b9222621aef35f3ec28";
		};
/* End PBXShellScriptBuildPhase section */

/* Begin PBXSourcesBuildPhase section */
		A3B426DC1BE12BFC00102950 /* Sources */ = {
			isa = PBXSourcesBuildPhase;
			buildActionMask = 2147483647;
			files = (
				A33311D81BE3C3B200EA4A98 /* AFURLRequestSerialization.m in Sources */,
				A37664921BE3A9B70044C962 /* SDWebImageDownloader.m in Sources */,
				A37664951BE3A9B70044C962 /* SDWebImagePrefetcher.m in Sources */,
				59A2F50F1BE45AC9008E026E /* SearchTableViewCell.m in Sources */,
				1894E8431BE4FF2F00FCF89B /* SplashViewController.m in Sources */,
				A33311D01BE3C3B200EA4A98 /* AFHTTPRequestOperation.m in Sources */,
				A376649C1BE3A9B70044C962 /* UIView+WebCacheOperation.m in Sources */,
				A33311D71BE3C3B200EA4A98 /* AFURLConnectionOperation.m in Sources */,
				A37664981BE3A9B70044C962 /* UIImage+MultiFormat.m in Sources */,
				A37664991BE3A9B70044C962 /* UIImage+WebP.m in Sources */,
				59A2F5A91BE5324A008E026E /* SenderBGView.m in Sources */,
				A33311D21BE3C3B200EA4A98 /* AFHTTPRequestSerializer+OAuth2.m in Sources */,
				A3B426EB1BE12BFC00102950 /* ViewController.m in Sources */,
				59A2F55D1BE4B671008E026E /* SVRadialGradientLayer.m in Sources */,
				59A2F55A1BE4B671008E026E /* SVIndefiniteAnimatedView.m in Sources */,
				A376649B1BE3A9B70044C962 /* UIImageView+WebCache.m in Sources */,
				A33311D51BE3C3B200EA4A98 /* AFOAuth2Manager.m in Sources */,
				A3EE4FE41BE2948D000AC203 /* MusicChatViewController.m in Sources */,
				A30047591BE27D9D00EE0A85 /* SearchViewController.m in Sources */,
				A300475D1BE286D600EE0A85 /* RdioTrack.m in Sources */,
				A33311DA1BE3C3B200EA4A98 /* AFURLSessionManager.m in Sources */,
				A3B426E81BE12BFC00102950 /* AppDelegate.m in Sources */,
				A376648E1BE3A9B70044C962 /* NSData+ImageContentType.m in Sources */,
				A37664941BE3A9B70044C962 /* SDWebImageManager.m in Sources */,
				A33311D11BE3C3B200EA4A98 /* AFHTTPRequestOperationManager.m in Sources */,
				59A2F59E1BE52512008E026E /* MusicHeaderView.m in Sources */,
				A37664911BE3A9B70044C962 /* SDWebImageDecoder.m in Sources */,
				A37664931BE3A9B70044C962 /* SDWebImageDownloaderOperation.m in Sources */,
				A3B426E51BE12BFC00102950 /* main.m in Sources */,
				A33311D41BE3C3B200EA4A98 /* AFNetworkReachabilityManager.m in Sources */,
				59A2F55C1BE4B671008E026E /* SVProgressHUD.m in Sources */,
				A3AFBAE11BE4E66300BB9009 /* MNCChatMessageCell.m in Sources */,
				59A2F59A1BE521AF008E026E /* CurvedTextField.m in Sources */,
				A33311D61BE3C3B200EA4A98 /* AFSecurityPolicy.m in Sources */,
				A3AFBADE1BE4E18800BB9009 /* MNCChatMessage.m in Sources */,
				A3AFBAD81BE4D2B000BB9009 /* MNCLoginViewController.m in Sources */,
				A376648D1BE3A9B70044C962 /* MKAnnotationView+WebCache.m in Sources */,
				A37664901BE3A9B70044C962 /* SDWebImageCompat.m in Sources */,
				59A2F54F1BE4B3E6008E026E /* TwitterViewController.m in Sources */,
				A37664961BE3A9B70044C962 /* UIButton+WebCache.m in Sources */,
				A3AFBADB1BE4D4A500BB9009 /* MNCChatMateListViewController.m in Sources */,
				A376649A1BE3A9B70044C962 /* UIImageView+HighlightedWebCache.m in Sources */,
				59A2F5A61BE52579008E026E /* RSPlayPauseButton.m in Sources */,
				A37664971BE3A9B70044C962 /* UIImage+GIF.m in Sources */,
				A376648F1BE3A9B70044C962 /* SDImageCache.m in Sources */,
				A33311D91BE3C3B200EA4A98 /* AFURLResponseSerialization.m in Sources */,
				A33311D31BE3C3B200EA4A98 /* AFHTTPSessionManager.m in Sources */,
			);
			runOnlyForDeploymentPostprocessing = 0;
		};
		A3B426F51BE12BFC00102950 /* Sources */ = {
			isa = PBXSourcesBuildPhase;
			buildActionMask = 2147483647;
			files = (
				A3B426FE1BE12BFC00102950 /* DUCEPROTests.m in Sources */,
			);
			runOnlyForDeploymentPostprocessing = 0;
		};
		A3B427001BE12BFC00102950 /* Sources */ = {
			isa = PBXSourcesBuildPhase;
			buildActionMask = 2147483647;
			files = (
				A3B427091BE12BFC00102950 /* DUCEPROUITests.m in Sources */,
			);
			runOnlyForDeploymentPostprocessing = 0;
		};
/* End PBXSourcesBuildPhase section */

/* Begin PBXTargetDependency section */
		A3B426FB1BE12BFC00102950 /* PBXTargetDependency */ = {
			isa = PBXTargetDependency;
			target = A3B426DF1BE12BFC00102950 /* DUCEPRO */;
			targetProxy = A3B426FA1BE12BFC00102950 /* PBXContainerItemProxy */;
		};
		A3B427061BE12BFC00102950 /* PBXTargetDependency */ = {
			isa = PBXTargetDependency;
			target = A3B426DF1BE12BFC00102950 /* DUCEPRO */;
			targetProxy = A3B427051BE12BFC00102950 /* PBXContainerItemProxy */;
		};
/* End PBXTargetDependency section */

/* Begin PBXVariantGroup section */
		A3B426EC1BE12BFC00102950 /* Main.storyboard */ = {
			isa = PBXVariantGroup;
			children = (
				A3B426ED1BE12BFC00102950 /* Base */,
			);
			name = Main.storyboard;
			sourceTree = "<group>";
		};
		A3B426F11BE12BFC00102950 /* LaunchScreen.storyboard */ = {
			isa = PBXVariantGroup;
			children = (
				A3B426F21BE12BFC00102950 /* Base */,
			);
			name = LaunchScreen.storyboard;
			sourceTree = "<group>";
		};
/* End PBXVariantGroup section */

/* Begin XCBuildConfiguration section */
		A3B4270B1BE12BFC00102950 /* Debug */ = {
			isa = XCBuildConfiguration;
			buildSettings = {
				ALWAYS_SEARCH_USER_PATHS = NO;
				CLANG_CXX_LANGUAGE_STANDARD = "gnu++0x";
				CLANG_CXX_LIBRARY = "libc++";
				CLANG_ENABLE_MODULES = YES;
				CLANG_ENABLE_OBJC_ARC = YES;
				CLANG_WARN_BOOL_CONVERSION = YES;
				CLANG_WARN_CONSTANT_CONVERSION = YES;
				CLANG_WARN_DIRECT_OBJC_ISA_USAGE = YES_ERROR;
				CLANG_WARN_EMPTY_BODY = YES;
				CLANG_WARN_ENUM_CONVERSION = YES;
				CLANG_WARN_INT_CONVERSION = YES;
				CLANG_WARN_OBJC_ROOT_CLASS = YES_ERROR;
				CLANG_WARN_UNREACHABLE_CODE = YES;
				CLANG_WARN__DUPLICATE_METHOD_MATCH = YES;
				"CODE_SIGN_IDENTITY[sdk=iphoneos*]" = "iPhone Developer";
				COPY_PHASE_STRIP = NO;
				DEBUG_INFORMATION_FORMAT = dwarf;
				ENABLE_STRICT_OBJC_MSGSEND = YES;
				ENABLE_TESTABILITY = YES;
				GCC_C_LANGUAGE_STANDARD = gnu99;
				GCC_DYNAMIC_NO_PIC = NO;
				GCC_NO_COMMON_BLOCKS = YES;
				GCC_OPTIMIZATION_LEVEL = 0;
				GCC_PREPROCESSOR_DEFINITIONS = (
					"DEBUG=1",
					"$(inherited)",
				);
				GCC_WARN_64_TO_32_BIT_CONVERSION = YES;
				GCC_WARN_ABOUT_RETURN_TYPE = YES_ERROR;
				GCC_WARN_UNDECLARED_SELECTOR = YES;
				GCC_WARN_UNINITIALIZED_AUTOS = YES_AGGRESSIVE;
				GCC_WARN_UNUSED_FUNCTION = YES;
				GCC_WARN_UNUSED_VARIABLE = YES;
				IPHONEOS_DEPLOYMENT_TARGET = 9.0;
				MTL_ENABLE_DEBUG_INFO = YES;
				ONLY_ACTIVE_ARCH = YES;
				SDKROOT = iphoneos;
			};
			name = Debug;
		};
		A3B4270C1BE12BFC00102950 /* Release */ = {
			isa = XCBuildConfiguration;
			buildSettings = {
				ALWAYS_SEARCH_USER_PATHS = NO;
				CLANG_CXX_LANGUAGE_STANDARD = "gnu++0x";
				CLANG_CXX_LIBRARY = "libc++";
				CLANG_ENABLE_MODULES = YES;
				CLANG_ENABLE_OBJC_ARC = YES;
				CLANG_WARN_BOOL_CONVERSION = YES;
				CLANG_WARN_CONSTANT_CONVERSION = YES;
				CLANG_WARN_DIRECT_OBJC_ISA_USAGE = YES_ERROR;
				CLANG_WARN_EMPTY_BODY = YES;
				CLANG_WARN_ENUM_CONVERSION = YES;
				CLANG_WARN_INT_CONVERSION = YES;
				CLANG_WARN_OBJC_ROOT_CLASS = YES_ERROR;
				CLANG_WARN_UNREACHABLE_CODE = YES;
				CLANG_WARN__DUPLICATE_METHOD_MATCH = YES;
				"CODE_SIGN_IDENTITY[sdk=iphoneos*]" = "iPhone Developer";
				COPY_PHASE_STRIP = NO;
				DEBUG_INFORMATION_FORMAT = "dwarf-with-dsym";
				ENABLE_NS_ASSERTIONS = NO;
				ENABLE_STRICT_OBJC_MSGSEND = YES;
				GCC_C_LANGUAGE_STANDARD = gnu99;
				GCC_NO_COMMON_BLOCKS = YES;
				GCC_WARN_64_TO_32_BIT_CONVERSION = YES;
				GCC_WARN_ABOUT_RETURN_TYPE = YES_ERROR;
				GCC_WARN_UNDECLARED_SELECTOR = YES;
				GCC_WARN_UNINITIALIZED_AUTOS = YES_AGGRESSIVE;
				GCC_WARN_UNUSED_FUNCTION = YES;
				GCC_WARN_UNUSED_VARIABLE = YES;
				IPHONEOS_DEPLOYMENT_TARGET = 9.0;
				MTL_ENABLE_DEBUG_INFO = NO;
				SDKROOT = iphoneos;
				VALIDATE_PRODUCT = YES;
			};
			name = Release;
		};
		A3B4270E1BE12BFC00102950 /* Debug */ = {
			isa = XCBuildConfiguration;
			buildSettings = {
				ASSETCATALOG_COMPILER_APPICON_NAME = AppIcon;
				CODE_SIGN_IDENTITY = "iPhone Developer";
				"CODE_SIGN_IDENTITY[sdk=iphoneos*]" = "iPhone Developer";
				ENABLE_BITCODE = NO;
				FRAMEWORK_SEARCH_PATHS = (
					"$(inherited)",
					"$(PROJECT_DIR)",
				);
				INFOPLIST_FILE = DUCEPRO/Info.plist;
				LD_RUNPATH_SEARCH_PATHS = "$(inherited) @executable_path/Frameworks";
				OTHER_LDFLAGS = (
					"-all_load",
					"-ObjC",
					"-Xlinker",
					"-lc++",
					"-l\"c++\"",
					"-framework",
					"\"AVFoundation\"",
					"-framework",
					"\"AudioToolbox\"",
					"-framework",
					"\"Security\"",
					"-framework",
					"\"Sinch\"",
				);
				PRODUCT_BUNDLE_IDENTIFIER = com.appvaders.DUCEPRO;
				PRODUCT_NAME = "$(TARGET_NAME)";
				PROVISIONING_PROFILE = "e4120f85-e77d-403c-b407-b1bcfac9437e";
			};
			name = Debug;
		};
		A3B4270F1BE12BFC00102950 /* Release */ = {
			isa = XCBuildConfiguration;
			buildSettings = {
				ASSETCATALOG_COMPILER_APPICON_NAME = AppIcon;
				CODE_SIGN_IDENTITY = "iPhone Developer";
				"CODE_SIGN_IDENTITY[sdk=iphoneos*]" = "iPhone Developer";
				ENABLE_BITCODE = NO;
				FRAMEWORK_SEARCH_PATHS = (
					"$(inherited)",
					"$(PROJECT_DIR)",
				);
				INFOPLIST_FILE = DUCEPRO/Info.plist;
				LD_RUNPATH_SEARCH_PATHS = "$(inherited) @executable_path/Frameworks";
				OTHER_LDFLAGS = (
					"-all_load",
					"-ObjC",
					"-Xlinker",
					"-lc++",
					"-l\"c++\"",
					"-framework",
					"\"AVFoundation\"",
					"-framework",
					"\"AudioToolbox\"",
					"-framework",
					"\"Security\"",
					"-framework",
					"\"Sinch\"",
				);
				PRODUCT_BUNDLE_IDENTIFIER = com.appvaders.DUCEPRO;
				PRODUCT_NAME = "$(TARGET_NAME)";
				PROVISIONING_PROFILE = "e4120f85-e77d-403c-b407-b1bcfac9437e";
			};
			name = Release;
		};
		A3B427111BE12BFC00102950 /* Debug */ = {
			isa = XCBuildConfiguration;
			buildSettings = {
				BUNDLE_LOADER = "$(TEST_HOST)";
				INFOPLIST_FILE = DUCEPROTests/Info.plist;
				LD_RUNPATH_SEARCH_PATHS = "$(inherited) @executable_path/Frameworks @loader_path/Frameworks";
				PRODUCT_BUNDLE_IDENTIFIER = com.appvaders.DUCEPROTests;
				PRODUCT_NAME = "$(TARGET_NAME)";
				TEST_HOST = "$(BUILT_PRODUCTS_DIR)/DUCEPRO.app/DUCEPRO";
			};
			name = Debug;
		};
		A3B427121BE12BFC00102950 /* Release */ = {
			isa = XCBuildConfiguration;
			buildSettings = {
				BUNDLE_LOADER = "$(TEST_HOST)";
				INFOPLIST_FILE = DUCEPROTests/Info.plist;
				LD_RUNPATH_SEARCH_PATHS = "$(inherited) @executable_path/Frameworks @loader_path/Frameworks";
				PRODUCT_BUNDLE_IDENTIFIER = com.appvaders.DUCEPROTests;
				PRODUCT_NAME = "$(TARGET_NAME)";
				TEST_HOST = "$(BUILT_PRODUCTS_DIR)/DUCEPRO.app/DUCEPRO";
			};
			name = Release;
		};
		A3B427141BE12BFC00102950 /* Debug */ = {
			isa = XCBuildConfiguration;
			buildSettings = {
				INFOPLIST_FILE = DUCEPROUITests/Info.plist;
				LD_RUNPATH_SEARCH_PATHS = "$(inherited) @executable_path/Frameworks @loader_path/Frameworks";
				PRODUCT_BUNDLE_IDENTIFIER = com.appvaders.DUCEPROUITests;
				PRODUCT_NAME = "$(TARGET_NAME)";
				TEST_TARGET_NAME = DUCEPRO;
				USES_XCTRUNNER = YES;
			};
			name = Debug;
		};
		A3B427151BE12BFC00102950 /* Release */ = {
			isa = XCBuildConfiguration;
			buildSettings = {
				INFOPLIST_FILE = DUCEPROUITests/Info.plist;
				LD_RUNPATH_SEARCH_PATHS = "$(inherited) @executable_path/Frameworks @loader_path/Frameworks";
				PRODUCT_BUNDLE_IDENTIFIER = com.appvaders.DUCEPROUITests;
				PRODUCT_NAME = "$(TARGET_NAME)";
				TEST_TARGET_NAME = DUCEPRO;
				USES_XCTRUNNER = YES;
			};
			name = Release;
		};
/* End XCBuildConfiguration section */

/* Begin XCConfigurationList section */
		A3B426DB1BE12BFC00102950 /* Build configuration list for PBXProject "DUCEPRO" */ = {
			isa = XCConfigurationList;
			buildConfigurations = (
				A3B4270B1BE12BFC00102950 /* Debug */,
				A3B4270C1BE12BFC00102950 /* Release */,
			);
			defaultConfigurationIsVisible = 0;
			defaultConfigurationName = Release;
		};
		A3B4270D1BE12BFC00102950 /* Build configuration list for PBXNativeTarget "DUCEPRO" */ = {
			isa = XCConfigurationList;
			buildConfigurations = (
				A3B4270E1BE12BFC00102950 /* Debug */,
				A3B4270F1BE12BFC00102950 /* Release */,
			);
			defaultConfigurationIsVisible = 0;
			defaultConfigurationName = Release;
		};
		A3B427101BE12BFC00102950 /* Build configuration list for PBXNativeTarget "DUCEPROTests" */ = {
			isa = XCConfigurationList;
			buildConfigurations = (
				A3B427111BE12BFC00102950 /* Debug */,
				A3B427121BE12BFC00102950 /* Release */,
			);
			defaultConfigurationIsVisible = 0;
			defaultConfigurationName = Release;
		};
		A3B427131BE12BFC00102950 /* Build configuration list for PBXNativeTarget "DUCEPROUITests" */ = {
			isa = XCConfigurationList;
			buildConfigurations = (
				A3B427141BE12BFC00102950 /* Debug */,
				A3B427151BE12BFC00102950 /* Release */,
			);
			defaultConfigurationIsVisible = 0;
			defaultConfigurationName = Release;
		};
/* End XCConfigurationList section */
	};
	rootObject = A3B426D81BE12BFC00102950 /* Project object */;
}
